
Microsoft Visual Studio Solution File, Format Version 12.00
# Visual Studio Version 17
VisualStudioVersion = 17.2.32408.312
MinimumVisualStudioVersion = 10.0.40219.1
Project("{FAE04EC0-301F-11D3-BF4B-00C04F79EFBC}") = "BookingsEmailCreator", "BookingsEmailCreator\BookingsEmailCreator.csproj", "{6C38C18E-CD79-4592-9044-D8721445569C}"
EndProject
Project("{2150E333-8FDC-42A3-9474-1A3956D46DE8}") = "1. sln", "1. sln", "{4F9C4ABE-5CED-492B-86EF-DF3F14EC561C}"
	ProjectSection(SolutionItems) = preProject
		.gitattributes = .gitattributes
		.gitignore = .gitignore
		LICENSE.txt = LICENSE.txt
		README.md = README.md
	EndProjectSection
EndProject
Global
	GlobalSection(SolutionConfigurationPlatforms) = preSolution
		Debug|Any CPU = Debug|Any CPU
		Release|Any CPU = Release|Any CPU
	EndGlobalSection
	GlobalSection(ProjectConfigurationPlatforms) = postSolution
		{6C38C18E-CD79-4592-9044-D8721445569C}.Debug|Any CPU.ActiveCfg = Debug|Any CPU
		{6C38C18E-CD79-4592-9044-D8721445569C}.Debug|Any CPU.Build.0 = Debug|Any CPU
		{6C38C18E-CD79-4592-9044-D8721445569C}.Release|Any CPU.ActiveCfg = Release|Any CPU
		{6C38C18E-CD79-4592-9044-D8721445569C}.Release|Any CPU.Build.0 = Release|Any CPU
	EndGlobalSection
	GlobalSection(SolutionProperties) = preSolution
		HideSolutionNode = FALSE
	EndGlobalSection
	GlobalSection(ExtensibilityGlobals) = postSolution
		SolutionGuid = {AB798E47-E759-4C4C-BA50-EC812850F046}
	EndGlobalSection
EndGlobal
